
Microsoft Visual Studio Solution File, Format Version 12.00
# Visual Studio 15
VisualStudioVersion = 15.0.27703.2018
MinimumVisualStudioVersion = 10.0.40219.1
Project("{FAE04EC0-301F-11D3-BF4B-00C04F79EFBC}") = "Student_Test", "Student_Test\Student_Test.csproj", "{BDE93CB0-2FEC-41EF-BE0F-CF90DDC68BDE}"
EndProject
Global
	GlobalSection(SolutionConfigurationPlatforms) = preSolution
		Debug|Any CPU = Debug|Any CPU
		Release|Any CPU = Release|Any CPU
	EndGlobalSection
	GlobalSection(ProjectConfigurationPlatforms) = postSolution
		{BDE93CB0-2FEC-41EF-BE0F-CF90DDC68BDE}.Debug|Any CPU.ActiveCfg = Debug|Any CPU
		{BDE93CB0-2FEC-41EF-BE0F-CF90DDC68BDE}.Debug|Any CPU.Build.0 = Debug|Any CPU
		{BDE93CB0-2FEC-41EF-BE0F-CF90DDC68BDE}.Release|Any CPU.ActiveCfg = Release|Any CPU
		{BDE93CB0-2FEC-41EF-BE0F-CF90DDC68BDE}.Release|Any CPU.Build.0 = Release|Any CPU
	EndGlobalSection
	GlobalSection(SolutionProperties) = preSolution
		HideSolutionNode = FALSE
	EndGlobalSection
	GlobalSection(ExtensibilityGlobals) = postSolution
		SolutionGuid = {BB74B681-9E0C-48DB-A986-25C8AD2B9809}
	EndGlobalSection
EndGlobal
