
Microsoft Visual Studio Solution File, Format Version 12.00
# Visual Studio 15
VisualStudioVersion = 15.0.27703.2018
MinimumVisualStudioVersion = 10.0.40219.1
Project("{FAE04EC0-301F-11D3-BF4B-00C04F79EFBC}") = "SaveImageToDatabase", "SaveImageToDatabase\SaveImageToDatabase.csproj", "{D2D13698-B405-48E4-B3B4-DA221045CF88}"
EndProject
Global
	GlobalSection(SolutionConfigurationPlatforms) = preSolution
		Debug|Any CPU = Debug|Any CPU
		Release|Any CPU = Release|Any CPU
	EndGlobalSection
	GlobalSection(ProjectConfigurationPlatforms) = postSolution
		{D2D13698-B405-48E4-B3B4-DA221045CF88}.Debug|Any CPU.ActiveCfg = Debug|Any CPU
		{D2D13698-B405-48E4-B3B4-DA221045CF88}.Debug|Any CPU.Build.0 = Debug|Any CPU
		{D2D13698-B405-48E4-B3B4-DA221045CF88}.Release|Any CPU.ActiveCfg = Release|Any CPU
		{D2D13698-B405-48E4-B3B4-DA221045CF88}.Release|Any CPU.Build.0 = Release|Any CPU
	EndGlobalSection
	GlobalSection(SolutionProperties) = preSolution
		HideSolutionNode = FALSE
	EndGlobalSection
	GlobalSection(ExtensibilityGlobals) = postSolution
		SolutionGuid = {EFE63F47-C72C-4B17-8082-5A22387BA891}
	EndGlobalSection
EndGlobal
